
Microsoft Visual Studio Solution File, Format Version 12.00
# Visual Studio Version 17
VisualStudioVersion = 17.8.34525.116
MinimumVisualStudioVersion = 10.0.40219.1
Project("{9A19103F-16F7-4668-BE54-9A1E7A4F7556}") = "projeto_envvio", "projeto_envvio\projeto_envvio.csproj", "{A00C9EF4-CA8E-4E58-BD64-C812315D4668}"
EndProject
Project("{2150E333-8FDC-42A3-9474-1A3956D46DE8}") = "1 - Application", "1 - Application", "{09B75E27-0E53-4623-AE1A-A4F5E6BED899}"
EndProject
Project("{2150E333-8FDC-42A3-9474-1A3956D46DE8}") = "2 - Service", "2 - Service", "{9B73CAD4-B2F7-4C44-BF87-0B595F3A0B2D}"
EndProject
Project("{FAE04EC0-301F-11D3-BF4B-00C04F79EFBC}") = "Service", "Service\Service.csproj", "{7CDA1BFF-90D3-4CDB-9529-F3CA907EBCD4}"
EndProject
Project("{2150E333-8FDC-42A3-9474-1A3956D46DE8}") = "3 - Domain", "3 - Domain", "{58B5BDD0-D49F-4603-AA54-32A756ED93F4}"
EndProject
Project("{FAE04EC0-301F-11D3-BF4B-00C04F79EFBC}") = "Domain", "Domain\Domain.csproj", "{9789D1BE-B9FE-48FB-90F7-787ECAF56388}"
EndProject
Project("{2150E333-8FDC-42A3-9474-1A3956D46DE8}") = "4 - Infrastructure", "4 - Infrastructure", "{62F3DDC8-159B-4CD5-A1BB-D6ED9E929F28}"
EndProject
Project("{FAE04EC0-301F-11D3-BF4B-00C04F79EFBC}") = "Infrastructure", "Infrastructure\Infrastructure.csproj", "{79748185-869B-4371-8CF9-16EC5D0DF589}"
EndProject
Global
	GlobalSection(SolutionConfigurationPlatforms) = preSolution
		Debug|Any CPU = Debug|Any CPU
		Release|Any CPU = Release|Any CPU
	EndGlobalSection
	GlobalSection(ProjectConfigurationPlatforms) = postSolution
		{A00C9EF4-CA8E-4E58-BD64-C812315D4668}.Debug|Any CPU.ActiveCfg = Debug|Any CPU
		{A00C9EF4-CA8E-4E58-BD64-C812315D4668}.Debug|Any CPU.Build.0 = Debug|Any CPU
		{A00C9EF4-CA8E-4E58-BD64-C812315D4668}.Release|Any CPU.ActiveCfg = Release|Any CPU
		{A00C9EF4-CA8E-4E58-BD64-C812315D4668}.Release|Any CPU.Build.0 = Release|Any CPU
		{7CDA1BFF-90D3-4CDB-9529-F3CA907EBCD4}.Debug|Any CPU.ActiveCfg = Debug|Any CPU
		{7CDA1BFF-90D3-4CDB-9529-F3CA907EBCD4}.Debug|Any CPU.Build.0 = Debug|Any CPU
		{7CDA1BFF-90D3-4CDB-9529-F3CA907EBCD4}.Release|Any CPU.ActiveCfg = Release|Any CPU
		{7CDA1BFF-90D3-4CDB-9529-F3CA907EBCD4}.Release|Any CPU.Build.0 = Release|Any CPU
		{9789D1BE-B9FE-48FB-90F7-787ECAF56388}.Debug|Any CPU.ActiveCfg = Debug|Any CPU
		{9789D1BE-B9FE-48FB-90F7-787ECAF56388}.Debug|Any CPU.Build.0 = Debug|Any CPU
		{9789D1BE-B9FE-48FB-90F7-787ECAF56388}.Release|Any CPU.ActiveCfg = Release|Any CPU
		{9789D1BE-B9FE-48FB-90F7-787ECAF56388}.Release|Any CPU.Build.0 = Release|Any CPU
		{79748185-869B-4371-8CF9-16EC5D0DF589}.Debug|Any CPU.ActiveCfg = Debug|Any CPU
		{79748185-869B-4371-8CF9-16EC5D0DF589}.Debug|Any CPU.Build.0 = Debug|Any CPU
		{79748185-869B-4371-8CF9-16EC5D0DF589}.Release|Any CPU.ActiveCfg = Release|Any CPU
		{79748185-869B-4371-8CF9-16EC5D0DF589}.Release|Any CPU.Build.0 = Release|Any CPU
	EndGlobalSection
	GlobalSection(SolutionProperties) = preSolution
		HideSolutionNode = FALSE
	EndGlobalSection
	GlobalSection(NestedProjects) = preSolution
		{A00C9EF4-CA8E-4E58-BD64-C812315D4668} = {09B75E27-0E53-4623-AE1A-A4F5E6BED899}
		{7CDA1BFF-90D3-4CDB-9529-F3CA907EBCD4} = {9B73CAD4-B2F7-4C44-BF87-0B595F3A0B2D}
		{9789D1BE-B9FE-48FB-90F7-787ECAF56388} = {58B5BDD0-D49F-4603-AA54-32A756ED93F4}
		{79748185-869B-4371-8CF9-16EC5D0DF589} = {62F3DDC8-159B-4CD5-A1BB-D6ED9E929F28}
	EndGlobalSection
	GlobalSection(ExtensibilityGlobals) = postSolution
		SolutionGuid = {E37BF576-932A-4191-9A6D-86B6D0DE0480}
	EndGlobalSection
EndGlobal
